
Microsoft Visual Studio Solution File, Format Version 12.00
# Visual Studio 15
Project("{FAE04EC0-301F-11D3-BF4B-00C04F79EFBC}") = "Data", "Data.csproj", "{FE06642D-D97E-6F45-E6BC-17F2C4BC433F}"
EndProject
Project("{FAE04EC0-301F-11D3-BF4B-00C04F79EFBC}") = "Server.Combat.Core", "Server.Combat.Core.csproj", "{87320BA5-BC00-19C8-3A63-1E347F1D78B0}"
EndProject
Project("{FAE04EC0-301F-11D3-BF4B-00C04F79EFBC}") = "Client.Lobby.View", "Client.Lobby.View.csproj", "{0FB53602-701E-EB37-662F-100283CC02BE}"
EndProject
Project("{FAE04EC0-301F-11D3-BF4B-00C04F79EFBC}") = "Server.Combat.Networking", "Server.Combat.Networking.csproj", "{3185C0B5-E5AD-ACF3-73DD-24562776EE87}"
EndProject
Project("{FAE04EC0-301F-11D3-BF4B-00C04F79EFBC}") = "Utils", "Utils.csproj", "{22BCBCA0-BEA9-49AA-795D-AA87499EF392}"
EndProject
Project("{FAE04EC0-301F-11D3-BF4B-00C04F79EFBC}") = "Client.Lobby.Infrastructure", "Client.Lobby.Infrastructure.csproj", "{EE664ABD-5128-5BB0-7F4E-3DC171B5D176}"
EndProject
Project("{FAE04EC0-301F-11D3-BF4B-00C04F79EFBC}") = "Assembly-CSharp", "Assembly-CSharp.csproj", "{3F44BBF6-1B2B-D3A9-C83F-344C2C15D846}"
EndProject
Project("{FAE04EC0-301F-11D3-BF4B-00C04F79EFBC}") = "Client.Combat.Infrastructure", "Client.Combat.Infrastructure.csproj", "{6B18187E-2B02-8D11-F215-4F9557B873F5}"
EndProject
Project("{FAE04EC0-301F-11D3-BF4B-00C04F79EFBC}") = "Client.Combat.View", "Client.Combat.View.csproj", "{13BD4701-EBC8-5505-1099-9606D112B13A}"
EndProject
Project("{FAE04EC0-301F-11D3-BF4B-00C04F79EFBC}") = "Client.Lobby.Core", "Client.Lobby.Core.csproj", "{70C854B4-7257-8333-639B-9F70BB1B4452}"
EndProject
Project("{FAE04EC0-301F-11D3-BF4B-00C04F79EFBC}") = "Client.Combat.Core", "Client.Combat.Core.csproj", "{73894EC8-99D1-B29F-D14C-C462FFE7B549}"
EndProject
Project("{FAE04EC0-301F-11D3-BF4B-00C04F79EFBC}") = "Server.Lobby.Networking", "Server.Lobby.Networking.csproj", "{9F100C5F-7699-6180-2594-F85F3A403F1E}"
EndProject
Project("{FAE04EC0-301F-11D3-BF4B-00C04F79EFBC}") = "Client.Lobby.Networking", "Client.Lobby.Networking.csproj", "{19E0A3A1-2D73-75BD-AF2E-8433DD98DD74}"
EndProject
Project("{FAE04EC0-301F-11D3-BF4B-00C04F79EFBC}") = "Assembly-CSharp-Editor", "Assembly-CSharp-Editor.csproj", "{1E1E9F26-6C77-7569-519D-49C58C5F6A78}"
EndProject
Project("{2150E333-8FDC-42A3-9474-1A3956D46DE8}") = "Solution Items", "Solution Items", "{FFAEE5B6-DD25-41CA-BB1B-973D6BC3735D}"
	ProjectSection(SolutionItems) = preProject
		.editorconfig = .editorconfig
	EndProjectSection
EndProject
Global
	GlobalSection(SolutionConfigurationPlatforms) = preSolution
		Debug|Any CPU = Debug|Any CPU
		Release|Any CPU = Release|Any CPU
	EndGlobalSection
	GlobalSection(ProjectConfigurationPlatforms) = postSolution
		{FE06642D-D97E-6F45-E6BC-17F2C4BC433F}.Debug|Any CPU.ActiveCfg = Debug|Any CPU
		{FE06642D-D97E-6F45-E6BC-17F2C4BC433F}.Debug|Any CPU.Build.0 = Debug|Any CPU
		{FE06642D-D97E-6F45-E6BC-17F2C4BC433F}.Release|Any CPU.ActiveCfg = Release|Any CPU
		{FE06642D-D97E-6F45-E6BC-17F2C4BC433F}.Release|Any CPU.Build.0 = Release|Any CPU
		{87320BA5-BC00-19C8-3A63-1E347F1D78B0}.Debug|Any CPU.ActiveCfg = Debug|Any CPU
		{87320BA5-BC00-19C8-3A63-1E347F1D78B0}.Debug|Any CPU.Build.0 = Debug|Any CPU
		{87320BA5-BC00-19C8-3A63-1E347F1D78B0}.Release|Any CPU.ActiveCfg = Release|Any CPU
		{87320BA5-BC00-19C8-3A63-1E347F1D78B0}.Release|Any CPU.Build.0 = Release|Any CPU
		{0FB53602-701E-EB37-662F-100283CC02BE}.Debug|Any CPU.ActiveCfg = Debug|Any CPU
		{0FB53602-701E-EB37-662F-100283CC02BE}.Debug|Any CPU.Build.0 = Debug|Any CPU
		{0FB53602-701E-EB37-662F-100283CC02BE}.Release|Any CPU.ActiveCfg = Release|Any CPU
		{0FB53602-701E-EB37-662F-100283CC02BE}.Release|Any CPU.Build.0 = Release|Any CPU
		{3185C0B5-E5AD-ACF3-73DD-24562776EE87}.Debug|Any CPU.ActiveCfg = Debug|Any CPU
		{3185C0B5-E5AD-ACF3-73DD-24562776EE87}.Debug|Any CPU.Build.0 = Debug|Any CPU
		{3185C0B5-E5AD-ACF3-73DD-24562776EE87}.Release|Any CPU.ActiveCfg = Release|Any CPU
		{3185C0B5-E5AD-ACF3-73DD-24562776EE87}.Release|Any CPU.Build.0 = Release|Any CPU
		{22BCBCA0-BEA9-49AA-795D-AA87499EF392}.Debug|Any CPU.ActiveCfg = Debug|Any CPU
		{22BCBCA0-BEA9-49AA-795D-AA87499EF392}.Debug|Any CPU.Build.0 = Debug|Any CPU
		{22BCBCA0-BEA9-49AA-795D-AA87499EF392}.Release|Any CPU.ActiveCfg = Release|Any CPU
		{22BCBCA0-BEA9-49AA-795D-AA87499EF392}.Release|Any CPU.Build.0 = Release|Any CPU
		{EE664ABD-5128-5BB0-7F4E-3DC171B5D176}.Debug|Any CPU.ActiveCfg = Debug|Any CPU
		{EE664ABD-5128-5BB0-7F4E-3DC171B5D176}.Debug|Any CPU.Build.0 = Debug|Any CPU
		{EE664ABD-5128-5BB0-7F4E-3DC171B5D176}.Release|Any CPU.ActiveCfg = Release|Any CPU
		{EE664ABD-5128-5BB0-7F4E-3DC171B5D176}.Release|Any CPU.Build.0 = Release|Any CPU
		{3F44BBF6-1B2B-D3A9-C83F-344C2C15D846}.Debug|Any CPU.ActiveCfg = Debug|Any CPU
		{3F44BBF6-1B2B-D3A9-C83F-344C2C15D846}.Debug|Any CPU.Build.0 = Debug|Any CPU
		{3F44BBF6-1B2B-D3A9-C83F-344C2C15D846}.Release|Any CPU.ActiveCfg = Release|Any CPU
		{3F44BBF6-1B2B-D3A9-C83F-344C2C15D846}.Release|Any CPU.Build.0 = Release|Any CPU
		{6B18187E-2B02-8D11-F215-4F9557B873F5}.Debug|Any CPU.ActiveCfg = Debug|Any CPU
		{6B18187E-2B02-8D11-F215-4F9557B873F5}.Debug|Any CPU.Build.0 = Debug|Any CPU
		{6B18187E-2B02-8D11-F215-4F9557B873F5}.Release|Any CPU.ActiveCfg = Release|Any CPU
		{6B18187E-2B02-8D11-F215-4F9557B873F5}.Release|Any CPU.Build.0 = Release|Any CPU
		{13BD4701-EBC8-5505-1099-9606D112B13A}.Debug|Any CPU.ActiveCfg = Debug|Any CPU
		{13BD4701-EBC8-5505-1099-9606D112B13A}.Debug|Any CPU.Build.0 = Debug|Any CPU
		{13BD4701-EBC8-5505-1099-9606D112B13A}.Release|Any CPU.ActiveCfg = Release|Any CPU
		{13BD4701-EBC8-5505-1099-9606D112B13A}.Release|Any CPU.Build.0 = Release|Any CPU
		{70C854B4-7257-8333-639B-9F70BB1B4452}.Debug|Any CPU.ActiveCfg = Debug|Any CPU
		{70C854B4-7257-8333-639B-9F70BB1B4452}.Debug|Any CPU.Build.0 = Debug|Any CPU
		{70C854B4-7257-8333-639B-9F70BB1B4452}.Release|Any CPU.ActiveCfg = Release|Any CPU
		{70C854B4-7257-8333-639B-9F70BB1B4452}.Release|Any CPU.Build.0 = Release|Any CPU
		{73894EC8-99D1-B29F-D14C-C462FFE7B549}.Debug|Any CPU.ActiveCfg = Debug|Any CPU
		{73894EC8-99D1-B29F-D14C-C462FFE7B549}.Debug|Any CPU.Build.0 = Debug|Any CPU
		{73894EC8-99D1-B29F-D14C-C462FFE7B549}.Release|Any CPU.ActiveCfg = Release|Any CPU
		{73894EC8-99D1-B29F-D14C-C462FFE7B549}.Release|Any CPU.Build.0 = Release|Any CPU
		{9F100C5F-7699-6180-2594-F85F3A403F1E}.Debug|Any CPU.ActiveCfg = Debug|Any CPU
		{9F100C5F-7699-6180-2594-F85F3A403F1E}.Debug|Any CPU.Build.0 = Debug|Any CPU
		{9F100C5F-7699-6180-2594-F85F3A403F1E}.Release|Any CPU.ActiveCfg = Release|Any CPU
		{9F100C5F-7699-6180-2594-F85F3A403F1E}.Release|Any CPU.Build.0 = Release|Any CPU
		{19E0A3A1-2D73-75BD-AF2E-8433DD98DD74}.Debug|Any CPU.ActiveCfg = Debug|Any CPU
		{19E0A3A1-2D73-75BD-AF2E-8433DD98DD74}.Debug|Any CPU.Build.0 = Debug|Any CPU
		{19E0A3A1-2D73-75BD-AF2E-8433DD98DD74}.Release|Any CPU.ActiveCfg = Release|Any CPU
		{19E0A3A1-2D73-75BD-AF2E-8433DD98DD74}.Release|Any CPU.Build.0 = Release|Any CPU
		{1E1E9F26-6C77-7569-519D-49C58C5F6A78}.Debug|Any CPU.ActiveCfg = Debug|Any CPU
		{1E1E9F26-6C77-7569-519D-49C58C5F6A78}.Debug|Any CPU.Build.0 = Debug|Any CPU
		{1E1E9F26-6C77-7569-519D-49C58C5F6A78}.Release|Any CPU.ActiveCfg = Release|Any CPU
		{1E1E9F26-6C77-7569-519D-49C58C5F6A78}.Release|Any CPU.Build.0 = Release|Any CPU
	EndGlobalSection
	GlobalSection(SolutionProperties) = preSolution
		HideSolutionNode = FALSE
	EndGlobalSection
EndGlobal
